github.com/goccy/go-reflect v1.2.0 h1:O0T8rZCuNmGXewnATuKYnkL0xm6o8UNOJZd/gOkb9ms=
github.com/goccy/go-reflect v1.2.0/go.mod h1:n0oYZn8VcV2CkWTxi8B9QjkCoq6GTtCEdfmR66YhFtE=
github.com/oarkflow/date v0.0.4 h1:EwY/wiS3CqZNBx7b2x+3kkJwVNuGk+G0dls76kL/fhU=
github.com/oarkflow/date v0.0.4/go.mod h1:xQTFc6p6O5VX6J75ZrPJbelIFGca1ASmhpgirFqL8vM=
github.com/oarkflow/expr v0.0.11 h1:H6h+dIUlU+xDlijMXKQCh7TdE6MGVoFPpZU7q/dziRI=
github.com/oarkflow/expr v0.0.11/go.mod h1:WgMZqP44h7SBwKyuGZwC15vj46lHtI0/QpKdEZpRVE4=
github.com/oarkflow/json v0.0.23 h1:tiJSQHhAAT0o55XVRqJDvC2QpDxaVA3OlLFt0rICHjw=
github.com/oarkflow/json v0.0.23/go.mod h1:NRHX4AQ87CEjtfLypsC+WA5a0uSkhmm9IhirKC49EvY=
golang.org/x/crypto v0.37.0 h1:kJNSjF/Xp7kU0iB2Z+9viTPMW4EqqsrywMXLJOOsXSE=
golang.org/x/crypto v0.37.0/go.mod h1:vg+k43peMZ0pUMhYmVAWysMK35e6ioLh3wB8ZCAfbVc=
golang.org/x/sys v0.32.0 h1:s77OFDvIQeibCmezSnk/q6iAfkdiQaJi4VzroCFrN20=
golang.org/x/sys v0.32.0/go.mod h1:BJP2sWEmIv4KK5OTEluFJCKSidICx8ciO85XgH3Ak8k=
